
Microsoft Visual Studio Solution File, Format Version 11.00
# Visual Studio 2010
Project("{8BC9CEB8-8B4A-11D0-8D11-00A0C91BC942}") = "MikaelaModel_withTime", "MikaelaModel_withTime\MikaelaModel_withTime.vcxproj", "{28C6F7BC-8702-4727-8BF1-F6D31FA1BEF3}"
EndProject
Global
	GlobalSection(SolutionConfigurationPlatforms) = preSolution
		Debug|Win32 = Debug|Win32
		Release|Win32 = Release|Win32
	EndGlobalSection
	GlobalSection(ProjectConfigurationPlatforms) = postSolution
		{28C6F7BC-8702-4727-8BF1-F6D31FA1BEF3}.Debug|Win32.ActiveCfg = Debug|Win32
		{28C6F7BC-8702-4727-8BF1-F6D31FA1BEF3}.Debug|Win32.Build.0 = Debug|Win32
		{28C6F7BC-8702-4727-8BF1-F6D31FA1BEF3}.Release|Win32.ActiveCfg = Release|Win32
		{28C6F7BC-8702-4727-8BF1-F6D31FA1BEF3}.Release|Win32.Build.0 = Release|Win32
	EndGlobalSection
	GlobalSection(SolutionProperties) = preSolution
		HideSolutionNode = FALSE
	EndGlobalSection
EndGlobal
